
Microsoft Visual Studio Solution File, Format Version 12.00
# Visual Studio 15
VisualStudioVersion = 15.0.27130.2036
MinimumVisualStudioVersion = 10.0.40219.1
Project("{9A19103F-16F7-4668-BE54-9A1E7A4F7556}") = "ContosoUniversity", "ContosoUniversity.csproj", "{840CC144-9D2F-48D2-9A16-A5104FA4F6C4}"
EndProject
Global
	GlobalSection(SolutionConfigurationPlatforms) = preSolution
		Debug|Any CPU = Debug|Any CPU
		Release|Any CPU = Release|Any CPU
	EndGlobalSection
	GlobalSection(ProjectConfigurationPlatforms) = postSolution
		{840CC144-9D2F-48D2-9A16-A5104FA4F6C4}.Debug|Any CPU.ActiveCfg = Debug|Any CPU
		{840CC144-9D2F-48D2-9A16-A5104FA4F6C4}.Debug|Any CPU.Build.0 = Debug|Any CPU
		{840CC144-9D2F-48D2-9A16-A5104FA4F6C4}.Release|Any CPU.ActiveCfg = Release|Any CPU
		{840CC144-9D2F-48D2-9A16-A5104FA4F6C4}.Release|Any CPU.Build.0 = Release|Any CPU
	EndGlobalSection
	GlobalSection(SolutionProperties) = preSolution
		HideSolutionNode = FALSE
	EndGlobalSection
	GlobalSection(ExtensibilityGlobals) = postSolution
		SolutionGuid = {1D65AAAD-ADD5-4F66-94A6-FD4BFC7D40A9}
	EndGlobalSection
EndGlobal
